
Microsoft Visual Studio Solution File, Format Version 12.00
# Visual Studio Version 16
VisualStudioVersion = 16.0.33027.164
MinimumVisualStudioVersion = 10.0.40219.1
Project("{FAE04EC0-301F-11D3-BF4B-00C04F79EFBC}") = "ZIprojekat", "ZIprojekat\ZIprojekat.csproj", "{33C7B1B8-4B9F-4D99-BF12-21C56E7ED54B}"
EndProject
Project("{FAE04EC0-301F-11D3-BF4B-00C04F79EFBC}") = "WindowsFormsApp1", "WindowsFormsApp1\WindowsFormsApp1.csproj", "{F0E85C54-EEE4-4E45-96AE-36310A58C2AD}"
	ProjectSection(ProjectDependencies) = postProject
		{33C7B1B8-4B9F-4D99-BF12-21C56E7ED54B} = {33C7B1B8-4B9F-4D99-BF12-21C56E7ED54B}
	EndProjectSection
EndProject
Global
	GlobalSection(SolutionConfigurationPlatforms) = preSolution
		Debug|Any CPU = Debug|Any CPU
		Release|Any CPU = Release|Any CPU
	EndGlobalSection
	GlobalSection(ProjectConfigurationPlatforms) = postSolution
		{33C7B1B8-4B9F-4D99-BF12-21C56E7ED54B}.Debug|Any CPU.ActiveCfg = Debug|Any CPU
		{33C7B1B8-4B9F-4D99-BF12-21C56E7ED54B}.Debug|Any CPU.Build.0 = Debug|Any CPU
		{33C7B1B8-4B9F-4D99-BF12-21C56E7ED54B}.Release|Any CPU.ActiveCfg = Release|Any CPU
		{33C7B1B8-4B9F-4D99-BF12-21C56E7ED54B}.Release|Any CPU.Build.0 = Release|Any CPU
		{F0E85C54-EEE4-4E45-96AE-36310A58C2AD}.Debug|Any CPU.ActiveCfg = Debug|Any CPU
		{F0E85C54-EEE4-4E45-96AE-36310A58C2AD}.Debug|Any CPU.Build.0 = Debug|Any CPU
		{F0E85C54-EEE4-4E45-96AE-36310A58C2AD}.Release|Any CPU.ActiveCfg = Release|Any CPU
		{F0E85C54-EEE4-4E45-96AE-36310A58C2AD}.Release|Any CPU.Build.0 = Release|Any CPU
	EndGlobalSection
	GlobalSection(SolutionProperties) = preSolution
		HideSolutionNode = FALSE
	EndGlobalSection
	GlobalSection(ExtensibilityGlobals) = postSolution
		SolutionGuid = {14D836A1-CDD7-4765-829E-C963B53F3444}
	EndGlobalSection
EndGlobal
